
Microsoft Visual Studio Solution File, Format Version 12.00
# Visual Studio Version 16
VisualStudioVersion = 16.0.30114.105
MinimumVisualStudioVersion = 10.0.40219.1
Project("{FAE04EC0-301F-11D3-BF4B-00C04F79EFBC}") = "Assignment1_calculator_Martin", "Assignment1_calculator_Martin\Assignment1_calculator_Martin.csproj", "{2F77D826-5BA8-4244-A1DF-F539EA1CE4B8}"
EndProject
Global
	GlobalSection(SolutionConfigurationPlatforms) = preSolution
		Debug|Any CPU = Debug|Any CPU
		Release|Any CPU = Release|Any CPU
	EndGlobalSection
	GlobalSection(ProjectConfigurationPlatforms) = postSolution
		{2F77D826-5BA8-4244-A1DF-F539EA1CE4B8}.Debug|Any CPU.ActiveCfg = Debug|Any CPU
		{2F77D826-5BA8-4244-A1DF-F539EA1CE4B8}.Debug|Any CPU.Build.0 = Debug|Any CPU
		{2F77D826-5BA8-4244-A1DF-F539EA1CE4B8}.Release|Any CPU.ActiveCfg = Release|Any CPU
		{2F77D826-5BA8-4244-A1DF-F539EA1CE4B8}.Release|Any CPU.Build.0 = Release|Any CPU
	EndGlobalSection
	GlobalSection(SolutionProperties) = preSolution
		HideSolutionNode = FALSE
	EndGlobalSection
	GlobalSection(ExtensibilityGlobals) = postSolution
		SolutionGuid = {2D0313A0-919C-402D-83B4-0F37B9C48572}
	EndGlobalSection
EndGlobal
